
Microsoft Visual Studio Solution File, Format Version 12.00
# Visual Studio Version 17
VisualStudioVersion = 17.8.34330.188
MinimumVisualStudioVersion = 10.0.40219.1
Project("{2150E333-8FDC-42A3-9474-1A3956D46DE8}") = "LogicManager", "LogicManager", "{F8AD447F-C48A-4249-8A41-096D3F9390CE}"
EndProject
Project("{9A19103F-16F7-4668-BE54-9A1E7A4F7556}") = "LogicManager.API", "LogicManager.API\LogicManager.API.csproj", "{2A7C077D-609D-4CDA-870E-007E1C552F5B}"
EndProject
Project("{2150E333-8FDC-42A3-9474-1A3956D46DE8}") = "Solution Items", "Solution Items", "{EC025DC9-C6A9-4654-8D8F-6A0078F7395E}"
	ProjectSection(SolutionItems) = preProject
		ServiceUrls.txt = ServiceUrls.txt
	EndProjectSection
EndProject
Project("{9A19103F-16F7-4668-BE54-9A1E7A4F7556}") = "LogicManager.Application", "LogicManager.Application\LogicManager.Application.csproj", "{D7D8790A-65C0-41A0-8127-41B58EC7E2EC}"
EndProject
Project("{9A19103F-16F7-4668-BE54-9A1E7A4F7556}") = "LogicManager.Domain", "..\LogicManager.Domain\LogicManager.Domain.csproj", "{AF817F2B-7F6E-48AE-9907-F2E4B694D906}"
EndProject
Project("{9A19103F-16F7-4668-BE54-9A1E7A4F7556}") = "LogicManager.Infrastructure", "LogicManager.Infrastructure\LogicManager.Infrastructure.csproj", "{8FF0F9C4-C3F1-4359-9341-5964026B7BD8}"
EndProject
Project("{9A19103F-16F7-4668-BE54-9A1E7A4F7556}") = "LogicManager.Persistence", "LogicManager.Persistence\LogicManager.Persistence.csproj", "{F5EA92CD-7F6C-4179-9CC3-802F924851B7}"
EndProject
Project("{9A19103F-16F7-4668-BE54-9A1E7A4F7556}") = "LogicManager.Shared", "LogicManager.Shared\LogicManager.Shared.csproj", "{26EA4E5C-3D70-443D-8B5E-A06C8F7B7F7A}"
EndProject
Project("{9A19103F-16F7-4668-BE54-9A1E7A4F7556}") = "RabbitMQ.Shared", "..\..\RabbitMQ.Shared\RabbitMQ.Shared.csproj", "{C6F1C38C-9FE8-4AD1-B4E5-9162121F4A52}"
EndProject
Global
	GlobalSection(SolutionConfigurationPlatforms) = preSolution
		Debug|Any CPU = Debug|Any CPU
		Release|Any CPU = Release|Any CPU
	EndGlobalSection
	GlobalSection(ProjectConfigurationPlatforms) = postSolution
		{2A7C077D-609D-4CDA-870E-007E1C552F5B}.Debug|Any CPU.ActiveCfg = Debug|Any CPU
		{2A7C077D-609D-4CDA-870E-007E1C552F5B}.Debug|Any CPU.Build.0 = Debug|Any CPU
		{2A7C077D-609D-4CDA-870E-007E1C552F5B}.Release|Any CPU.ActiveCfg = Release|Any CPU
		{2A7C077D-609D-4CDA-870E-007E1C552F5B}.Release|Any CPU.Build.0 = Release|Any CPU
		{D7D8790A-65C0-41A0-8127-41B58EC7E2EC}.Debug|Any CPU.ActiveCfg = Debug|Any CPU
		{D7D8790A-65C0-41A0-8127-41B58EC7E2EC}.Debug|Any CPU.Build.0 = Debug|Any CPU
		{D7D8790A-65C0-41A0-8127-41B58EC7E2EC}.Release|Any CPU.ActiveCfg = Release|Any CPU
		{D7D8790A-65C0-41A0-8127-41B58EC7E2EC}.Release|Any CPU.Build.0 = Release|Any CPU
		{AF817F2B-7F6E-48AE-9907-F2E4B694D906}.Debug|Any CPU.ActiveCfg = Debug|Any CPU
		{AF817F2B-7F6E-48AE-9907-F2E4B694D906}.Debug|Any CPU.Build.0 = Debug|Any CPU
		{AF817F2B-7F6E-48AE-9907-F2E4B694D906}.Release|Any CPU.ActiveCfg = Release|Any CPU
		{AF817F2B-7F6E-48AE-9907-F2E4B694D906}.Release|Any CPU.Build.0 = Release|Any CPU
		{8FF0F9C4-C3F1-4359-9341-5964026B7BD8}.Debug|Any CPU.ActiveCfg = Debug|Any CPU
		{8FF0F9C4-C3F1-4359-9341-5964026B7BD8}.Debug|Any CPU.Build.0 = Debug|Any CPU
		{8FF0F9C4-C3F1-4359-9341-5964026B7BD8}.Release|Any CPU.ActiveCfg = Release|Any CPU
		{8FF0F9C4-C3F1-4359-9341-5964026B7BD8}.Release|Any CPU.Build.0 = Release|Any CPU
		{F5EA92CD-7F6C-4179-9CC3-802F924851B7}.Debug|Any CPU.ActiveCfg = Debug|Any CPU
		{F5EA92CD-7F6C-4179-9CC3-802F924851B7}.Debug|Any CPU.Build.0 = Debug|Any CPU
		{F5EA92CD-7F6C-4179-9CC3-802F924851B7}.Release|Any CPU.ActiveCfg = Release|Any CPU
		{F5EA92CD-7F6C-4179-9CC3-802F924851B7}.Release|Any CPU.Build.0 = Release|Any CPU
		{26EA4E5C-3D70-443D-8B5E-A06C8F7B7F7A}.Debug|Any CPU.ActiveCfg = Debug|Any CPU
		{26EA4E5C-3D70-443D-8B5E-A06C8F7B7F7A}.Debug|Any CPU.Build.0 = Debug|Any CPU
		{26EA4E5C-3D70-443D-8B5E-A06C8F7B7F7A}.Release|Any CPU.ActiveCfg = Release|Any CPU
		{26EA4E5C-3D70-443D-8B5E-A06C8F7B7F7A}.Release|Any CPU.Build.0 = Release|Any CPU
		{C6F1C38C-9FE8-4AD1-B4E5-9162121F4A52}.Debug|Any CPU.ActiveCfg = Debug|Any CPU
		{C6F1C38C-9FE8-4AD1-B4E5-9162121F4A52}.Debug|Any CPU.Build.0 = Debug|Any CPU
		{C6F1C38C-9FE8-4AD1-B4E5-9162121F4A52}.Release|Any CPU.ActiveCfg = Release|Any CPU
		{C6F1C38C-9FE8-4AD1-B4E5-9162121F4A52}.Release|Any CPU.Build.0 = Release|Any CPU
	EndGlobalSection
	GlobalSection(SolutionProperties) = preSolution
		HideSolutionNode = FALSE
	EndGlobalSection
	GlobalSection(NestedProjects) = preSolution
		{2A7C077D-609D-4CDA-870E-007E1C552F5B} = {F8AD447F-C48A-4249-8A41-096D3F9390CE}
		{D7D8790A-65C0-41A0-8127-41B58EC7E2EC} = {F8AD447F-C48A-4249-8A41-096D3F9390CE}
		{AF817F2B-7F6E-48AE-9907-F2E4B694D906} = {F8AD447F-C48A-4249-8A41-096D3F9390CE}
		{8FF0F9C4-C3F1-4359-9341-5964026B7BD8} = {F8AD447F-C48A-4249-8A41-096D3F9390CE}
		{F5EA92CD-7F6C-4179-9CC3-802F924851B7} = {F8AD447F-C48A-4249-8A41-096D3F9390CE}
		{26EA4E5C-3D70-443D-8B5E-A06C8F7B7F7A} = {F8AD447F-C48A-4249-8A41-096D3F9390CE}
		{C6F1C38C-9FE8-4AD1-B4E5-9162121F4A52} = {F8AD447F-C48A-4249-8A41-096D3F9390CE}
	EndGlobalSection
	GlobalSection(ExtensibilityGlobals) = postSolution
		SolutionGuid = {E60F992A-5826-44A8-9CC3-155F53CEFDF6}
	EndGlobalSection
EndGlobal
